<?xml version="1.0" encoding="utf-8"?>
<Project ToolsVersion="4.0" xmlns="http://schemas.microsoft.com/developer/msbuild/2003">
  <ItemGroup>
    <Filter Include="Engine">
      <UniqueIdentifier>{08f2ecf8-3255-4011-8988-6958a0e85533}</UniqueIdentifier>
    </Filter>
    <Filter Include="Game">
      <UniqueIdentifier>{b5cb496b-0fb2-4cc9-91fb-29f47056ee36}</UniqueIdentifier>
    </Filter>
    <Filter Include="Engine\Header">
      <UniqueIdentifier>{93995380-89BD-4b04-88EB-625FBE52EBFB}</UniqueIdentifier>
      <Extensions>h;hh;hpp;hxx;hm;inl;inc;ipp;xsd</Extensions>
    </Filter>
    <Filter Include="Engine\Header\Configuration">
      <UniqueIdentifier>{43b3e923-832f-4906-a168-2d14553a6119}</UniqueIdentifier>
    </Filter>
    <Filter Include="Engine\Header\Misc">
      <UniqueIdentifier>{11f7473c-aae0-4cb5-a4a0-f7bd14fb6d58}</UniqueIdentifier>
    </Filter>
    <Filter Include="Engine\Header\Input">
      <UniqueIdentifier>{46c35b40-2f1e-48fe-baec-04557304b3fa}</UniqueIdentifier>
    </Filter>
    <Filter Include="Engine\Header\Render">
      <UniqueIdentifier>{20111e94-53d3-4e50-a373-7775ff432702}</UniqueIdentifier>
    </Filter>
    <Filter Include="Engine\Header\Render\Graphics">
      <UniqueIdentifier>{55203266-7111-42cd-88da-75f16cac1994}</UniqueIdentifier>
    </Filter>
    <Filter Include="Engine\Header\Render\Graphics\Drawable">
      <UniqueIdentifier>{cb996d3e-390c-4d2f-ba5e-bd3756a7fa63}</UniqueIdentifier>
    </Filter>
    <Filter Include="Engine\Header\Render\Graphics\Bindable">
      <UniqueIdentifier>{2c88d4e2-b800-44ca-99f0-a56435f77a62}</UniqueIdentifier>
    </Filter>
    <Filter Include="Engine\Header\Render\Graphics\Mesh">
      <UniqueIdentifier>{b5cb07f4-a458-430e-873f-33b483056398}</UniqueIdentifier>
    </Filter>
    <Filter Include="Engine\Header\Physics">
      <UniqueIdentifier>{8a6cb8a6-792a-4243-a9ce-eddfb6d69bb3}</UniqueIdentifier>
    </Filter>
    <Filter Include="Engine\Header\Gameplay">
      <UniqueIdentifier>{59ab0317-11f0-4324-b461-3d569adff7da}</UniqueIdentifier>
    </Filter>
    <Filter Include="Engine\Header\Gameplay\Component">
      <UniqueIdentifier>{1032f928-5656-478b-940c-c1682769a9ca}</UniqueIdentifier>
    </Filter>
    <Filter Include="Engine\Header\Gameplay\Factory">
      <UniqueIdentifier>{7d33fd53-beec-4bf8-9613-91ea5c4709fe}</UniqueIdentifier>
    </Filter>
    <Filter Include="Engine\Header\Gameplay\AI">
      <UniqueIdentifier>{21f34dfb-ac7b-4686-92bf-f64cccd06db3}</UniqueIdentifier>
    </Filter>
    <Filter Include="Engine\Source">
      <UniqueIdentifier>{4FC737F1-C7A5-4376-A066-2A32D752A2FF}</UniqueIdentifier>
      <Extensions>cpp;c;cc;cxx;def;odl;idl;hpj;bat;asm;asmx</Extensions>
    </Filter>
    <Filter Include="Engine\Source\Input">
      <UniqueIdentifier>{d1574599-f422-4d2f-817d-4a3433534748}</UniqueIdentifier>
    </Filter>
    <Filter Include="Engine\Source\Render">
      <UniqueIdentifier>{611c8bb5-1b52-4080-b645-b9a374105cdd}</UniqueIdentifier>
    </Filter>
    <Filter Include="Engine\Source\Render\Graphics">
      <UniqueIdentifier>{b1c1dcd8-6d3a-4ab7-b31b-ca90f2889309}</UniqueIdentifier>
    </Filter>
    <Filter Include="Engine\Source\Render\Graphics\Drawable">
      <UniqueIdentifier>{6012a535-b17a-4d1c-bff8-072c4c20916e}</UniqueIdentifier>
    </Filter>
    <Filter Include="Engine\Source\Render\Graphics\Bindable">
      <UniqueIdentifier>{2aef7cf9-2180-49a5-9982-1cfee6963a7b}</UniqueIdentifier>
    </Filter>
    <Filter Include="Engine\Source\Render\Graphics\Mesh">
      <UniqueIdentifier>{c8d0d3b0-ac5c-42eb-9b31-5fe0d6d5c4ce}</UniqueIdentifier>
    </Filter>
    <Filter Include="Engine\Source\Physics">
      <UniqueIdentifier>{3c772027-ba43-4122-89ef-605b61a58e5e}</UniqueIdentifier>
    </Filter>
    <Filter Include="Engine\Source\Gameplay">
      <UniqueIdentifier>{36d87a03-c4d2-4a37-9fbf-f737bdec40df}</UniqueIdentifier>
    </Filter>
    <Filter Include="Engine\Source\Gameplay\Component">
      <UniqueIdentifier>{36475d1e-82a3-45f7-8205-30c283e44c37}</UniqueIdentifier>
    </Filter>
    <Filter Include="Engine\Source\Gameplay\Factory">
      <UniqueIdentifier>{1a302824-af37-48b3-a66c-8bd525a1e180}</UniqueIdentifier>
    </Filter>
    <Filter Include="Engine\Source\Gameplay\AI">
      <UniqueIdentifier>{a565a145-8500-45a7-81a3-f86e69478151}</UniqueIdentifier>
    </Filter>
    <Filter Include="Engine\Source\Misc">
      <UniqueIdentifier>{507199e9-4e0e-4be2-9df4-a8559b56ebd0}</UniqueIdentifier>
    </Filter>
    <Filter Include="Engine\Shader">
      <UniqueIdentifier>{339cfea7-1e22-48ca-b2d9-b818d60a2e9b}</UniqueIdentifier>
    </Filter>
    <Filter Include="Game\Source">
      <UniqueIdentifier>{96eae39d-e8df-4f03-be2f-7133ebf56718}</UniqueIdentifier>
    </Filter>
    <Filter Include="Game\Header">
      <UniqueIdentifier>{d75cebea-47f7-47fb-8725-41106ec17e66}</UniqueIdentifier>
    </Filter>
    <Filter Include="Engine\Resource">
      <UniqueIdentifier>{67DA6AB6-F800-4c08-8B7A-83BB121AAD01}</UniqueIdentifier>
      <Extensions>rc;ico;cur;bmp;dlg;rc2;rct;bin;rgs;gif;jpg;jpeg;jpe;resx;tiff;tif;png;wav;mfcribbon-ms</Extensions>
    </Filter>
    <Filter Include="Engine\Header\Misc\Messaging">
      <UniqueIdentifier>{188779ce-ccb5-4b59-aa44-3981433b25c2}</UniqueIdentifier>
    </Filter>
    <Filter Include="Engine\Source\Misc\Messaging">
      <UniqueIdentifier>{1c79f24b-ee92-4207-a969-5a10813cc1b5}</UniqueIdentifier>
    </Filter>
    <Filter Include="Game\Header\Controller">
      <UniqueIdentifier>{7ded3fdd-7f27-47d1-a0aa-46a5783bbdbe}</UniqueIdentifier>
    </Filter>
    <Filter Include="Game\Source\Controller">
      <UniqueIdentifier>{1a25a85a-c22e-4312-a1ff-4a454a206aa8}</UniqueIdentifier>
    </Filter>
    <Filter Include="Game\Header\Pawn">
      <UniqueIdentifier>{ddd35392-5587-43e9-a844-77b4254bf365}</UniqueIdentifier>
    </Filter>
    <Filter Include="Game\Source\Pawn">
      <UniqueIdentifier>{d9950814-01b7-4f42-b58e-ae551ec1000e}</UniqueIdentifier>
    </Filter>
    <Filter Include="Game\Header\Level">
      <UniqueIdentifier>{835758a1-9cdf-430c-b83a-3064fb72e3fe}</UniqueIdentifier>
    </Filter>
    <Filter Include="Game\Source\Level">
      <UniqueIdentifier>{1a7ebe21-ac62-45fc-ba6e-f048389ddf86}</UniqueIdentifier>
    </Filter>
    <Filter Include="Game\TestCode">
      <UniqueIdentifier>{68c49376-639b-4979-bb01-89a9fd9e3f2c}</UniqueIdentifier>
    </Filter>
    <Filter Include="Engine\Header\Gameplay\AI\FSM">
      <UniqueIdentifier>{0b0f5d0c-f4bf-48c5-98bd-fce02efcd6ed}</UniqueIdentifier>
    </Filter>
    <Filter Include="Game\Header\Input">
      <UniqueIdentifier>{4cd0b4ab-9aff-4627-8547-56461652246d}</UniqueIdentifier>
    </Filter>
    <Filter Include="Game\Source\Input">
      <UniqueIdentifier>{3c5a28f0-dc23-4be4-904e-cae321b1f36d}</UniqueIdentifier>
    </Filter>
    <Filter Include="Game\Source\Camera">
      <UniqueIdentifier>{e0f94112-fedb-4321-a904-2343ff9b8713}</UniqueIdentifier>
    </Filter>
    <Filter Include="Game\Header\Camera">
      <UniqueIdentifier>{203b48ea-b476-416a-8c3e-31a80f8ac5ab}</UniqueIdentifier>
    </Filter>
    <Filter Include="Engine\Header\Physics\BoundingBox">
      <UniqueIdentifier>{95e1be71-b841-4e96-a379-3724d92291ed}</UniqueIdentifier>
    </Filter>
    <Filter Include="Engine\Source\Physics\BoundingBox">
      <UniqueIdentifier>{5e8c02b2-9f07-42a6-9a70-1a79f62b0f3a}</UniqueIdentifier>
    </Filter>
    <Filter Include="Engine\Header\Render\EUI">
      <UniqueIdentifier>{54ede792-44f9-4d40-a5fb-1b4d11f54105}</UniqueIdentifier>
    </Filter>
    <Filter Include="Engine\Source\Render\EUI">
      <UniqueIdentifier>{74fa69c3-09b4-402b-a9bc-ec87f35663d7}</UniqueIdentifier>
    </Filter>
    <Filter Include="Engine\Source\Render\GUI">
      <UniqueIdentifier>{9a9f5374-4b25-4670-9c33-f05f9a222e3e}</UniqueIdentifier>
    </Filter>
    <Filter Include="Engine\Source\SoundManager">
      <UniqueIdentifier>{ae224cb3-2a0e-4d18-a354-9f590aaa33ba}</UniqueIdentifier>
    </Filter>
    <Filter Include="Engine\Header\SoundManager">
      <UniqueIdentifier>{8c850f71-7a71-4df5-ba9d-d08ac045a8c4}</UniqueIdentifier>
    </Filter>
    <Filter Include="Game\Header\UI">
      <UniqueIdentifier>{fd68edb3-c72c-46f1-a2f7-fcb150fe2c2d}</UniqueIdentifier>
    </Filter>
    <Filter Include="Game\Source\UI">
      <UniqueIdentifier>{87fec3a4-8029-4c73-a2b5-aaddfb99baba}</UniqueIdentifier>
    </Filter>
    <Filter Include="Game\Source\Level\Level01">
      <UniqueIdentifier>{6064b374-cf72-41a0-a1d2-aa2a8d89b771}</UniqueIdentifier>
    </Filter>
    <Filter Include="Game\Source\Level\Level02">
      <UniqueIdentifier>{77fcf5c0-d318-4cf9-865e-9b7bbfd361bc}</UniqueIdentifier>
    </Filter>
    <Filter Include="Game\Header\Level\Level01">
      <UniqueIdentifier>{d23d1bde-f3c5-4efd-a344-44b11d4c0031}</UniqueIdentifier>
    </Filter>
    <Filter Include="Game\Header\Level\Level02">
      <UniqueIdentifier>{21384772-5f64-416a-beba-dc88d5d0bc7a}</UniqueIdentifier>
    </Filter>
    <Filter Include="Game\Source\GameMode">
      <UniqueIdentifier>{d7f4dfa3-3733-4495-aaeb-a9c7039f86ac}</UniqueIdentifier>
    </Filter>
    <Filter Include="Game\Header\GameMode">
      <UniqueIdentifier>{1cb2ffb9-def9-4761-9f24-05ab05450345}</UniqueIdentifier>
    </Filter>
    <Filter Include="Game\Source\Prefabs">
      <UniqueIdentifier>{7d8fdc58-2599-4ca2-84e5-d27c5103cf7b}</UniqueIdentifier>
    </Filter>
    <Filter Include="Game\Header\Prefabs">
      <UniqueIdentifier>{707aea49-93b0-4ff5-89ab-fbc9ab1de991}</UniqueIdentifier>
    </Filter>
    <Filter Include="Game\Source\Level\Level03">
      <UniqueIdentifier>{c251e7ce-44c2-4ba8-9061-408b6c94e8c8}</UniqueIdentifier>
    </Filter>
    <Filter Include="Game\Header\Level\Level03">
      <UniqueIdentifier>{0ae2fcf8-855f-4bbd-9cfd-71c3df0828fe}</UniqueIdentifier>
    </Filter>
    <Filter Include="Engine\Source\Render\Graphics\VFX">
      <UniqueIdentifier>{5d7c80c8-105e-4ace-948a-e928a9e3fd07}</UniqueIdentifier>
    </Filter>
    <Filter Include="Engine\Header\Render\Graphics\VFX">
      <UniqueIdentifier>{7a1cba86-f0b8-4130-a64c-39f7316c82d9}</UniqueIdentifier>
    </Filter>
    <Filter Include="Engine\Header\Render\Graphics\GUI">
      <UniqueIdentifier>{de54c582-a592-4ebd-a382-6a0e8ea94a2d}</UniqueIdentifier>
    </Filter>
    <Filter Include="Game\Header\Item">
      <UniqueIdentifier>{fcad24ce-f76a-4a1f-b4ca-aa254cbeb5a9}</UniqueIdentifier>
    </Filter>
    <Filter Include="Game\Source\Item">
      <UniqueIdentifier>{668eccd7-9b51-4000-a79d-ad772a7932c6}</UniqueIdentifier>
    </Filter>
    <Filter Include="Engine\Header\Sequence">
      <UniqueIdentifier>{5f319f1c-3752-4820-bc9f-77ada4797285}</UniqueIdentifier>
    </Filter>
    <Filter Include="Engine\Source\Sequence">
      <UniqueIdentifier>{a2491a87-e42e-49c4-9242-d3f03b54c715}</UniqueIdentifier>
    </Filter>
  </ItemGroup>
  <ItemGroup>
    <ClCompile Include="main.cpp">
      <Filter>Engine\Source</Filter>
    </ClCompile>
    <ClCompile Include="Bindable.cpp">
      <Filter>Engine\Source\Render\Graphics\Bindable</Filter>
    </ClCompile>
    <ClCompile Include="Drawable.cpp">
      <Filter>Engine\Source\Render\Graphics\Drawable</Filter>
    </ClCompile>
    <ClCompile Include="Graphics.cpp">
      <Filter>Engine\Source\Render\Graphics</Filter>
    </ClCompile>
    <ClCompile Include="IndexBuffer.cpp">
      <Filter>Engine\Source\Render\Graphics\Bindable</Filter>
    </ClCompile>
    <ClCompile Include="InputLayout.cpp">
      <Filter>Engine\Source\Render\Graphics\Bindable</Filter>
    </ClCompile>
    <ClCompile Include="PixelShader.cpp">
      <Filter>Engine\Source\Render\Graphics\Bindable</Filter>
    </ClCompile>
    <ClCompile Include="Topology.cpp">
      <Filter>Engine\Source\Render\Graphics\Bindable</Filter>
    </ClCompile>
    <ClCompile Include="VertexBuffer.cpp">
      <Filter>Engine\Source\Render\Graphics\Bindable</Filter>
    </ClCompile>
    <ClCompile Include="VertexShader.cpp">
      <Filter>Engine\Source\Render\Graphics\Bindable</Filter>
    </ClCompile>
    <ClCompile Include="Timer.cpp">
      <Filter>Engine\Source</Filter>
    </ClCompile>
    <ClCompile Include="Window.cpp">
      <Filter>Engine\Source</Filter>
    </ClCompile>
    <ClCompile Include="Engine.cpp">
      <Filter>Engine\Source</Filter>
    </ClCompile>
    <ClCompile Include="GeometryGenerator.cpp">
      <Filter>Engine\Source\Render</Filter>
    </ClCompile>
    <ClCompile Include="DInput_PC.cpp">
      <Filter>Engine\Source\Input</Filter>
    </ClCompile>
    <ClCompile Include="DInput_PS4.cpp">
      <Filter>Engine\Source\Input</Filter>
    </ClCompile>
    <ClCompile Include="Vector3.cpp">
      <Filter>Engine\Source\Gameplay</Filter>
    </ClCompile>
    <ClCompile Include="Texture.cpp">
      <Filter>Engine\Source\Render\Graphics\Bindable</Filter>
    </ClCompile>
    <ClCompile Include="Sampler.cpp">
      <Filter>Engine\Source\Render\Graphics\Bindable</Filter>
    </ClCompile>
    <ClCompile Include="DDSTextureLoader.cpp">
      <Filter>Engine\Source\Render\Graphics</Filter>
    </ClCompile>
    <ClCompile Include="TestCube.cpp">
      <Filter>Engine\Source\Render\Graphics\Drawable</Filter>
    </ClCompile>
    <ClCompile Include="GameObject.cpp">
      <Filter>Engine\Source\Gameplay</Filter>
    </ClCompile>
    <ClCompile Include="Component.cpp">
      <Filter>Engine\Source\Gameplay\Component</Filter>
    </ClCompile>
    <ClCompile Include="Transform.cpp">
      <Filter>Engine\Source\Gameplay\Component</Filter>
    </ClCompile>
    <ClCompile Include="RenderComponent.cpp">
      <Filter>Engine\Source\Gameplay\Component</Filter>
    </ClCompile>
    <ClCompile Include="SceneManager.cpp">
      <Filter>Engine\Source\Gameplay</Filter>
    </ClCompile>
    <ClCompile Include="d3dUtil.cpp">
      <Filter>Engine\Source\Misc</Filter>
    </ClCompile>
    <ClCompile Include="DXTrace.cpp">
      <Filter>Engine\Source\Misc</Filter>
    </ClCompile>
    <ClCompile Include="FileManager.cpp">
      <Filter>Engine\Source\Misc</Filter>
    </ClCompile>
    <ClCompile Include="RenderManager.cpp">
      <Filter>Engine\Source\Render</Filter>
    </ClCompile>
    <ClCompile Include="Rendering.cpp">
      <Filter>Engine\Source\Render</Filter>
    </ClCompile>
    <ClCompile Include="RenderCamera.cpp">
      <Filter>Engine\Source\Render</Filter>
    </ClCompile>
    <ClCompile Include="Mesh.cpp">
      <Filter>Engine\Source\Render\Graphics\Mesh</Filter>
    </ClCompile>
    <ClCompile Include="Cube.cpp">
      <Filter>Engine\Source\Render\Graphics\Mesh</Filter>
    </ClCompile>
    <ClCompile Include="Sphere.cpp">
      <Filter>Engine\Source\Render\Graphics\Mesh</Filter>
    </ClCompile>
    <ClCompile Include="Plane.cpp">
      <Filter>Engine\Source\Render\Graphics\Mesh</Filter>
    </ClCompile>
    <ClCompile Include="CubeObjectFactory.cpp">
      <Filter>Engine\Source\Gameplay\Factory</Filter>
    </ClCompile>
    <ClCompile Include="EmptyObjectFactory.cpp">
      <Filter>Engine\Source\Gameplay\Factory</Filter>
    </ClCompile>
    <ClCompile Include="SphereObjectFactory.cpp">
      <Filter>Engine\Source\Gameplay\Factory</Filter>
    </ClCompile>
    <ClCompile Include="PlaneObjectFactory.cpp">
      <Filter>Engine\Source\Gameplay\Factory</Filter>
    </ClCompile>
    <ClCompile Include="ModelMesh.cpp">
      <Filter>Engine\Source\Render\Graphics\Mesh</Filter>
    </ClCompile>
    <ClCompile Include="ComponentFactory.cpp">
      <Filter>Engine\Source\Gameplay\Factory</Filter>
    </ClCompile>
    <ClCompile Include="EnemyTankOwnedStates.cpp">
      <Filter>Engine\Source\Gameplay\AI</Filter>
    </ClCompile>
    <ClCompile Include="ScriptComponent.cpp">
      <Filter>Engine\Source\Gameplay\Component</Filter>
    </ClCompile>
    <ClCompile Include="Camera.cpp">
      <Filter>Engine\Source\Render</Filter>
    </ClCompile>
    <ClCompile Include="MessageDispatcher.cpp">
      <Filter>Engine\Source\Misc\Messaging</Filter>
    </ClCompile>
    <ClCompile Include="CrudeTimer.cpp">
      <Filter>Engine\Source\Misc</Filter>
    </ClCompile>
    <ClCompile Include="GameInstance.cpp">
      <Filter>Game\Source</Filter>
    </ClCompile>
    <ClCompile Include="ControllerBase.cpp">
      <Filter>Game\Source\Controller</Filter>
    </ClCompile>
    <ClCompile Include="GameLevelManager.cpp">
      <Filter>Game\Source\Level</Filter>
    </ClCompile>
    <ClCompile Include="GameLoop.cpp">
      <Filter>Game\Source</Filter>
    </ClCompile>
    <ClCompile Include="GameSystem.cpp">
      <Filter>Game\Source</Filter>
    </ClCompile>
    <ClCompile Include="TankBatteryCtrl.cpp">
      <Filter>Game\TestCode</Filter>
    </ClCompile>
    <ClCompile Include="TankGamePlay.cpp">
      <Filter>Game\TestCode</Filter>
    </ClCompile>
    <ClCompile Include="CameraCtrl.cpp">
      <Filter>Game\TestCode</Filter>
    </ClCompile>
    <ClCompile Include="GameStateBase.cpp">
      <Filter>Game\Source</Filter>
    </ClCompile>
    <ClCompile Include="GameLevelTest.cpp">
      <Filter>Game\TestCode</Filter>
    </ClCompile>
    <ClCompile Include="DefaultPlayerController.cpp">
      <Filter>Game\Source\Controller</Filter>
    </ClCompile>
    <ClCompile Include="DefaultPlayer.cpp">
      <Filter>Game\Source\Pawn</Filter>
    </ClCompile>
    <ClCompile Include="DefaultCameraCtrl.cpp">
      <Filter>Game\Source\Camera</Filter>
    </ClCompile>
    <ClCompile Include="BoundingCube.cpp">
      <Filter>Engine\Source\Physics\BoundingBox</Filter>
    </ClCompile>
    <ClCompile Include="BoundingSphere.cpp">
      <Filter>Engine\Source\Physics\BoundingBox</Filter>
    </ClCompile>
    <ClCompile Include="CollisionManager.cpp">
      <Filter>Engine\Source\Physics</Filter>
    </ClCompile>
    <ClCompile Include="SkyBox.cpp">
      <Filter>Engine\Source\Render\Graphics\Drawable</Filter>
    </ClCompile>
    <ClCompile Include="TransferCbuf.cpp">
      <Filter>Engine\Source\Render\Graphics\Bindable</Filter>
    </ClCompile>
    <ClCompile Include="Rasterizer.cpp">
      <Filter>Engine\Source\Render\Graphics\Bindable</Filter>
    </ClCompile>
    <ClCompile Include="CubeForCol.cpp">
      <Filter>Engine\Source\Render\Graphics\Drawable</Filter>
    </ClCompile>
    <ClCompile Include="PSTransCBuf.cpp">
      <Filter>Engine\Source\Render\Graphics\Bindable</Filter>
    </ClCompile>
    <ClCompile Include="DepthStencil.cpp">
      <Filter>Engine\Source\Render\Graphics\Bindable</Filter>
    </ClCompile>
    <ClCompile Include="GameCharacter.cpp">
      <Filter>Game\Source\Pawn</Filter>
    </ClCompile>
    <ClCompile Include="AIController.cpp">
      <Filter>Game\Source\Controller</Filter>
    </ClCompile>
    <ClCompile Include="UICommon.cpp">
      <Filter>Engine\Source\Render\GUI</Filter>
    </ClCompile>
    <ClCompile Include="UIBase.cpp">
      <Filter>Engine\Source\Render\GUI</Filter>
    </ClCompile>
    <ClCompile Include="UIImage.cpp">
      <Filter>Engine\Source\Render\GUI</Filter>
    </ClCompile>
    <ClCompile Include="UIButton.cpp">
      <Filter>Engine\Source\Render\GUI</Filter>
    </ClCompile>
    <ClCompile Include="UITransformCbuf.cpp">
      <Filter>Engine\Source\Render\Graphics\Bindable</Filter>
    </ClCompile>
    <ClCompile Include="SoundManager.cpp">
      <Filter>Engine\Source\SoundManager</Filter>
    </ClCompile>
    <ClCompile Include="PlayerTank.cpp">
      <Filter>Game\Source\Pawn</Filter>
    </ClCompile>
    <ClCompile Include="FreeType.cpp">
      <Filter>Engine\Source\Misc</Filter>
    </ClCompile>
    <ClCompile Include="UIText.cpp">
      <Filter>Engine\Source\Render\GUI</Filter>
    </ClCompile>
    <ClCompile Include="GameButton.cpp">
      <Filter>Game\Source\UI</Filter>
    </ClCompile>
    <ClCompile Include="Level01.cpp">
      <Filter>Game\Source\Level\Level01</Filter>
    </ClCompile>
    <ClCompile Include="Level02.cpp">
      <Filter>Game\Source\Level\Level02</Filter>
    </ClCompile>
    <ClCompile Include="ULevelEvent.cpp">
      <Filter>Game\Source\Level</Filter>
    </ClCompile>
    <ClCompile Include="AIMovementComponent.cpp">
      <Filter>Engine\Source\Gameplay\Component</Filter>
    </ClCompile>
    <ClCompile Include="MovementComponent.cpp">
      <Filter>Engine\Source\Gameplay\Component</Filter>
    </ClCompile>
    <ClCompile Include="SoundComponent.cpp">
      <Filter>Engine\Source\Gameplay\Component</Filter>
    </ClCompile>
    <ClCompile Include="GameModeBase.cpp">
      <Filter>Game\Source\GameMode</Filter>
    </ClCompile>
    <ClCompile Include="PlayerController.cpp">
      <Filter>Game\Source\Controller</Filter>
    </ClCompile>
    <ClCompile Include="PlayerCamera.cpp">
      <Filter>Game\Source\Camera</Filter>
    </ClCompile>
    <ClCompile Include="GameModeTP.cpp">
      <Filter>Game\Source\GameMode</Filter>
    </ClCompile>
    <ClCompile Include="imgui.cpp">
      <Filter>Engine\Source\Render\EUI</Filter>
    </ClCompile>
    <ClCompile Include="imgui_draw.cpp">
      <Filter>Engine\Source\Render\EUI</Filter>
    </ClCompile>
    <ClCompile Include="imgui_impl_dx11.cpp">
      <Filter>Engine\Source\Render\EUI</Filter>
    </ClCompile>
    <ClCompile Include="imgui_impl_win32.cpp">
      <Filter>Engine\Source\Render\EUI</Filter>
    </ClCompile>
    <ClCompile Include="imgui_widgets.cpp">
      <Filter>Engine\Source\Render\EUI</Filter>
    </ClCompile>
    <ClCompile Include="ImGuiFrame.cpp">
      <Filter>Engine\Source\Render\EUI</Filter>
    </ClCompile>
    <ClCompile Include="UIImage3D.cpp">
      <Filter>Engine\Source\Render\GUI</Filter>
    </ClCompile>
    <ClCompile Include="GeometryShader.cpp">
      <Filter>Engine\Source\Render\Graphics\Bindable</Filter>
    </ClCompile>
    <ClCompile Include="Ground.cpp">
      <Filter>Game\Source\Prefabs</Filter>
    </ClCompile>
    <ClCompile Include="UIHP.cpp">
      <Filter>Game\Source\UI</Filter>
    </ClCompile>
    <ClCompile Include="Shell.cpp">
      <Filter>Game\Source\Prefabs</Filter>
    </ClCompile>
    <ClCompile Include="AITank.cpp">
      <Filter>Game\Source\Prefabs</Filter>
    </ClCompile>
    <ClCompile Include="FreightContainer_A.cpp">
      <Filter>Game\Source\Prefabs</Filter>
    </ClCompile>
    <ClCompile Include="ParticleSystem.cpp">
      <Filter>Engine\Source\Render\Graphics\Drawable</Filter>
    </ClCompile>
    <ClCompile Include="UIText3D.cpp">
      <Filter>Engine\Source\Render\GUI</Filter>
    </ClCompile>
    <ClCompile Include="EnemyTank.cpp">
      <Filter>Game\Source\Pawn</Filter>
    </ClCompile>
    <ClCompile Include="BaseGameEntity.cpp">
      <Filter>Game\Source\Pawn</Filter>
    </ClCompile>
    <ClCompile Include="BossOwnedStates.cpp">
      <Filter>Engine\Source\Gameplay\AI</Filter>
    </ClCompile>
    <ClCompile Include="SM_WaterTank.cpp">
      <Filter>Game\Source\Prefabs</Filter>
    </ClCompile>
    <ClCompile Include="SM_Crate.cpp">
      <Filter>Game\Source\Prefabs</Filter>
    </ClCompile>
    <ClCompile Include="SM_construction_fence.cpp">
      <Filter>Game\Source\Prefabs</Filter>
    </ClCompile>
    <ClCompile Include="DamageDisplay.cpp">
      <Filter>Game\Source\UI</Filter>
    </ClCompile>
    <ClCompile Include="AirWall.cpp">
      <Filter>Game\Source\Prefabs</Filter>
    </ClCompile>
    <ClCompile Include="HUD.cpp">
      <Filter>Game\Source\UI</Filter>
    </ClCompile>
    <ClCompile Include="Level03.cpp">
      <Filter>Game\Source\Level\Level03</Filter>
    </ClCompile>
    <ClCompile Include="Pawn.cpp">
      <Filter>Game\Source\Pawn</Filter>
    </ClCompile>
    <ClCompile Include="AnimationTitle.cpp">
      <Filter>Game\Source\UI</Filter>
    </ClCompile>
    <ClCompile Include="Blender.cpp">
      <Filter>Engine\Source\Render\Graphics\Bindable</Filter>
    </ClCompile>
    <ClCompile Include="EnemyBoss.cpp">
      <Filter>Game\Source\Pawn</Filter>
    </ClCompile>
    <ClCompile Include="DisplayManager.cpp">
      <Filter>Game\Source\UI</Filter>
    </ClCompile>
    <ClCompile Include="ShellContainer.cpp">
      <Filter>Game\Source\Prefabs</Filter>
    </ClCompile>
    <ClCompile Include="VFXSphere.cpp">
      <Filter>Engine\Source\Render\Graphics\VFX</Filter>
    </ClCompile>
    <ClCompile Include="Potion.cpp">
      <Filter>Game\Source\Item</Filter>
    </ClCompile>
    <ClCompile Include="FadeInOut.cpp">
      <Filter>Game\Source\UI</Filter>
    </ClCompile>
    <ClCompile Include="CameraShake.cpp">
      <Filter>Game\Source\Camera</Filter>
    </ClCompile>
    <ClCompile Include="MagicBall.cpp">
      <Filter>Game\Source\Prefabs</Filter>
    </ClCompile>
    <ClCompile Include="TrackTransform.cpp">
      <Filter>Engine\Source\Sequence</Filter>
    </ClCompile>
    <ClCompile Include="ModelMeshNormal.cpp">
      <Filter>Engine\Source\Render\Graphics\Mesh</Filter>
    </ClCompile>
    <ClCompile Include="Weightless.cpp">
      <Filter>Game\Source\Prefabs</Filter>
    </ClCompile>
    <ClCompile Include="ShellFlyComponent.cpp">
      <Filter>Engine\Source\Gameplay\Component</Filter>
    </ClCompile>
  </ItemGroup>
  <ItemGroup>
    <ClInclude Include="Timer.h">
      <Filter>Engine\Header</Filter>
    </ClInclude>
    <ClInclude Include="Bindable.h">
      <Filter>Engine\Header\Render\Graphics\Bindable</Filter>
    </ClInclude>
    <ClInclude Include="BindableBase.h">
      <Filter>Engine\Header\Render\Graphics\Bindable</Filter>
    </ClInclude>
    <ClInclude Include="Drawable.h">
      <Filter>Engine\Header\Render\Graphics\Drawable</Filter>
    </ClInclude>
    <ClInclude Include="Topology.h">
      <Filter>Engine\Header\Render\Graphics\Bindable</Filter>
    </ClInclude>
    <ClInclude Include="ConstantBuffers.h">
      <Filter>Engine\Header\Render\Graphics\Bindable</Filter>
    </ClInclude>
    <ClInclude Include="VertexBuffer.h">
      <Filter>Engine\Header\Render\Graphics\Bindable</Filter>
    </ClInclude>
    <ClInclude Include="VertexShader.h">
      <Filter>Engine\Header\Render\Graphics\Bindable</Filter>
    </ClInclude>
    <ClInclude Include="PixelShader.h">
      <Filter>Engine\Header\Render\Graphics\Bindable</Filter>
    </ClInclude>
    <ClInclude Include="InputLayout.h">
      <Filter>Engine\Header\Render\Graphics\Bindable</Filter>
    </ClInclude>
    <ClInclude Include="IndexBuffer.h">
      <Filter>Engine\Header\Render\Graphics\Bindable</Filter>
    </ClInclude>
    <ClInclude Include="Graphics.h">
      <Filter>Engine\Header\Render\Graphics</Filter>
    </ClInclude>
    <ClInclude Include="Window.h">
      <Filter>Engine\Header</Filter>
    </ClInclude>
    <ClInclude Include="Engine.h">
      <Filter>Engine\Header</Filter>
    </ClInclude>
    <ClInclude Include="GeometryGenerator.h">
      <Filter>Engine\Header\Render</Filter>
    </ClInclude>
    <ClInclude Include="DInput_PC.h">
      <Filter>Engine\Header\Input</Filter>
    </ClInclude>
    <ClInclude Include="DInput_PS4.h">
      <Filter>Engine\Header\Input</Filter>
    </ClInclude>
    <ClInclude Include="Texture.h">
      <Filter>Engine\Header\Render\Graphics\Bindable</Filter>
    </ClInclude>
    <ClInclude Include="DDSTextureLoader.h">
      <Filter>Engine\Header\Render\Graphics</Filter>
    </ClInclude>
    <ClInclude Include="Sampler.h">
      <Filter>Engine\Header\Render\Graphics\Bindable</Filter>
    </ClInclude>
    <ClInclude Include="TestCube.h">
      <Filter>Engine\Header\Render\Graphics\Drawable</Filter>
    </ClInclude>
    <ClInclude Include="GameObject.h">
      <Filter>Engine\Header\Gameplay</Filter>
    </ClInclude>
    <ClInclude Include="EngineCommon.h">
      <Filter>Engine\Header\Configuration</Filter>
    </ClInclude>
    <ClInclude Include="Configuration.h">
      <Filter>Engine\Header\Configuration</Filter>
    </ClInclude>
    <ClInclude Include="Component.h">
      <Filter>Engine\Header\Gameplay\Component</Filter>
    </ClInclude>
    <ClInclude Include="Transform.h">
      <Filter>Engine\Header\Gameplay\Component</Filter>
    </ClInclude>
    <ClInclude Include="RenderComponent.h">
      <Filter>Engine\Header\Gameplay\Component</Filter>
    </ClInclude>
    <ClInclude Include="SceneManager.h">
      <Filter>Engine\Header\Gameplay</Filter>
    </ClInclude>
    <ClInclude Include="d3dUtil.h">
      <Filter>Engine\Header\Misc</Filter>
    </ClInclude>
    <ClInclude Include="DXTrace.h">
      <Filter>Engine\Header\Misc</Filter>
    </ClInclude>
    <ClInclude Include="FileManager.h">
      <Filter>Engine\Header\Misc</Filter>
    </ClInclude>
    <ClInclude Include="RenderManager.h">
      <Filter>Engine\Header\Render</Filter>
    </ClInclude>
    <ClInclude Include="Rendering.h">
      <Filter>Engine\Header\Render</Filter>
    </ClInclude>
    <ClInclude Include="RenderCamera.h">
      <Filter>Engine\Header\Render</Filter>
    </ClInclude>
    <ClInclude Include="Mesh.h">
      <Filter>Engine\Header\Render\Graphics\Mesh</Filter>
    </ClInclude>
    <ClInclude Include="Cube.h">
      <Filter>Engine\Header\Render\Graphics\Mesh</Filter>
    </ClInclude>
    <ClInclude Include="Sphere.h">
      <Filter>Engine\Header\Render\Graphics\Mesh</Filter>
    </ClInclude>
    <ClInclude Include="Plane.h">
      <Filter>Engine\Header\Render\Graphics\Mesh</Filter>
    </ClInclude>
    <ClInclude Include="ComponentBase.h">
      <Filter>Engine\Header\Gameplay\Component</Filter>
    </ClInclude>
    <ClInclude Include="MeshBase.h">
      <Filter>Engine\Header\Render\Graphics\Mesh</Filter>
    </ClInclude>
    <ClInclude Include="CubeObjectFactory.h">
      <Filter>Engine\Header\Gameplay\Factory</Filter>
    </ClInclude>
    <ClInclude Include="EmptyObjectFactory.h">
      <Filter>Engine\Header\Gameplay\Factory</Filter>
    </ClInclude>
    <ClInclude Include="SphereObjectFactory.h">
      <Filter>Engine\Header\Gameplay\Factory</Filter>
    </ClInclude>
    <ClInclude Include="GameObjectFactory.h">
      <Filter>Engine\Header\Gameplay\Factory</Filter>
    </ClInclude>
    <ClInclude Include="PlaneObjectFactory.h">
      <Filter>Engine\Header\Gameplay\Factory</Filter>
    </ClInclude>
    <ClInclude Include="ModelMesh.h">
      <Filter>Engine\Header\Render\Graphics\Mesh</Filter>
    </ClInclude>
    <ClInclude Include="FactoryBase.h">
      <Filter>Engine\Header\Gameplay\Factory</Filter>
    </ClInclude>
    <ClInclude Include="ComponentFactory.h">
      <Filter>Engine\Header\Gameplay\Factory</Filter>
    </ClInclude>
    <ClInclude Include="EnemyTankOwnedStates.h">
      <Filter>Engine\Header\Gameplay\AI</Filter>
    </ClInclude>
    <ClInclude Include="ScriptComponent.h">
      <Filter>Engine\Header\Gameplay\Component</Filter>
    </ClInclude>
    <ClInclude Include="GameCommon.h">
      <Filter>Game\Header</Filter>
    </ClInclude>
    <ClInclude Include="KeycodeRedefine.h">
      <Filter>Engine\Header\Input</Filter>
    </ClInclude>
    <ClInclude Include="Camera.h">
      <Filter>Engine\Header\Render</Filter>
    </ClInclude>
    <ClInclude Include="Math.h">
      <Filter>Engine\Header\Misc</Filter>
    </ClInclude>
    <ClInclude Include="MessageDispatcher.h">
      <Filter>Engine\Header\Misc\Messaging</Filter>
    </ClInclude>
    <ClInclude Include="MessageTypes.h">
      <Filter>Engine\Header\Misc\Messaging</Filter>
    </ClInclude>
    <ClInclude Include="Telegram.h">
      <Filter>Engine\Header\Misc\Messaging</Filter>
    </ClInclude>
    <ClInclude Include="ConsoleUtils.h">
      <Filter>Engine\Header\Misc</Filter>
    </ClInclude>
    <ClInclude Include="CrudeTimer.h">
      <Filter>Engine\Header\Misc</Filter>
    </ClInclude>
    <ClInclude Include="GameInstance.h">
      <Filter>Game\Header</Filter>
    </ClInclude>
    <ClInclude Include="ControllerBase.h">
      <Filter>Game\Header\Controller</Filter>
    </ClInclude>
    <ClInclude Include="Pawn.h">
      <Filter>Game\Header\Pawn</Filter>
    </ClInclude>
    <ClInclude Include="GameLevelBase.h">
      <Filter>Game\Header\Level</Filter>
    </ClInclude>
    <ClInclude Include="GameLevelManager.h">
      <Filter>Game\Header\Level</Filter>
    </ClInclude>
    <ClInclude Include="GameLoop.h">
      <Filter>Game\Header</Filter>
    </ClInclude>
    <ClInclude Include="GameSystem.h">
      <Filter>Game\Header</Filter>
    </ClInclude>
    <ClInclude Include="TankBatteryCtrl.h">
      <Filter>Game\TestCode</Filter>
    </ClInclude>
    <ClInclude Include="TankGamePlay.h">
      <Filter>Game\TestCode</Filter>
    </ClInclude>
    <ClInclude Include="CameraCtrl.h">
      <Filter>Game\TestCode</Filter>
    </ClInclude>
    <ClInclude Include="GameStateBase.h">
      <Filter>Game\Header</Filter>
    </ClInclude>
    <ClInclude Include="Vector3.h">
      <Filter>Engine\Header\Misc</Filter>
    </ClInclude>
    <ClInclude Include="imconfig.h">
      <Filter>Engine\Header\Render\EUI</Filter>
    </ClInclude>
    <ClInclude Include="imgui_impl_dx11.h">
      <Filter>Engine\Header\Render\EUI</Filter>
    </ClInclude>
    <ClInclude Include="imgui_impl_win32.h">
      <Filter>Engine\Header\Render\EUI</Filter>
    </ClInclude>
    <ClInclude Include="imgui_internal.h">
      <Filter>Engine\Header\Render\EUI</Filter>
    </ClInclude>
    <ClInclude Include="imstb_rectpack.h">
      <Filter>Engine\Header\Render\EUI</Filter>
    </ClInclude>
    <ClInclude Include="imstb_textedit.h">
      <Filter>Engine\Header\Render\EUI</Filter>
    </ClInclude>
    <ClInclude Include="imstb_truetype.h">
      <Filter>Engine\Header\Render\EUI</Filter>
    </ClInclude>
    <ClInclude Include="State.h">
      <Filter>Engine\Header\Gameplay\AI\FSM</Filter>
    </ClInclude>
    <ClInclude Include="StateMachine.h">
      <Filter>Engine\Header\Gameplay\AI\FSM</Filter>
    </ClInclude>
    <ClInclude Include="GameLevelTest.h">
      <Filter>Game\TestCode</Filter>
    </ClInclude>
    <ClInclude Include="DefaultPlayerController.h">
      <Filter>Game\Header\Controller</Filter>
    </ClInclude>
    <ClInclude Include="DefaultPlayer.h">
      <Filter>Game\Header\Pawn</Filter>
    </ClInclude>
    <ClInclude Include="DefaultCameraCtrl.h">
      <Filter>Game\Header\Camera</Filter>
    </ClInclude>
    <ClInclude Include="BoundingCube.h">
      <Filter>Engine\Header\Physics\BoundingBox</Filter>
    </ClInclude>
    <ClInclude Include="BoundingSphere.h">
      <Filter>Engine\Header\Physics\BoundingBox</Filter>
    </ClInclude>
    <ClInclude Include="CollisionManager.h">
      <Filter>Engine\Header\Physics</Filter>
    </ClInclude>
    <ClInclude Include="SkyBox.h">
      <Filter>Engine\Header\Render\Graphics\Drawable</Filter>
    </ClInclude>
    <ClInclude Include="TransferCbuf.h">
      <Filter>Engine\Header\Render\Graphics\Bindable</Filter>
    </ClInclude>
    <ClInclude Include="Rasterizer.h">
      <Filter>Engine\Header\Render\Graphics\Bindable</Filter>
    </ClInclude>
    <ClInclude Include="CubeForCol.h">
      <Filter>Engine\Header\Render\Graphics\Drawable</Filter>
    </ClInclude>
    <ClInclude Include="PSTransCBuf.h">
      <Filter>Engine\Header\Render\Graphics\Bindable</Filter>
    </ClInclude>
    <ClInclude Include="DepthStencil.h">
      <Filter>Engine\Header\Render\Graphics\Bindable</Filter>
    </ClInclude>
    <ClInclude Include="GameCharacter.h">
      <Filter>Game\Header\Pawn</Filter>
    </ClInclude>
    <ClInclude Include="AIController.h">
      <Filter>Game\Header\Controller</Filter>
    </ClInclude>
    <ClInclude Include="SoundManager.h">
      <Filter>Engine\Header\SoundManager</Filter>
    </ClInclude>
    <ClInclude Include="UICommon.h">
      <Filter>Engine\Header\Render\Graphics\GUI</Filter>
    </ClInclude>
    <ClInclude Include="UIBase.h">
      <Filter>Engine\Header\Render\Graphics\GUI</Filter>
    </ClInclude>
    <ClInclude Include="UIImage.h">
      <Filter>Engine\Header\Render\Graphics\GUI</Filter>
    </ClInclude>
    <ClInclude Include="UIButton.h">
      <Filter>Engine\Header\Render\Graphics\GUI</Filter>
    </ClInclude>
    <ClInclude Include="UITransformCbuf.h">
      <Filter>Engine\Header\Render\Graphics\Bindable</Filter>
    </ClInclude>
    <ClInclude Include="UIEvent.h">
      <Filter>Engine\Header\Render\Graphics\GUI</Filter>
    </ClInclude>
    <ClInclude Include="FreeType.h">
      <Filter>Engine\Header\Misc</Filter>
    </ClInclude>
    <ClInclude Include="UIText.h">
      <Filter>Engine\Header\Render\Graphics\GUI</Filter>
    </ClInclude>
    <ClInclude Include="GameButton.h">
      <Filter>Game\Header\UI</Filter>
    </ClInclude>
    <ClInclude Include="Level01.h">
      <Filter>Game\Header\Level\Level01</Filter>
    </ClInclude>
    <ClInclude Include="Level02.h">
      <Filter>Game\Header\Level\Level02</Filter>
    </ClInclude>
    <ClInclude Include="ULevelEvent.h">
      <Filter>Game\Header\Level</Filter>
    </ClInclude>
    <ClInclude Include="AIMovementComponent.h">
      <Filter>Engine\Header\Gameplay\Component</Filter>
    </ClInclude>
    <ClInclude Include="MovementComponent.h">
      <Filter>Engine\Header\Gameplay\Component</Filter>
    </ClInclude>
    <ClInclude Include="SoundComponent.h">
      <Filter>Engine\Header\Gameplay\Component</Filter>
    </ClInclude>
    <ClInclude Include="GameModeBase.h">
      <Filter>Game\Header\GameMode</Filter>
    </ClInclude>
    <ClInclude Include="PlayerCamera.h">
      <Filter>Game\Header\Camera</Filter>
    </ClInclude>
    <ClInclude Include="PlayerController.h">
      <Filter>Game\Header\Controller</Filter>
    </ClInclude>
    <ClInclude Include="UIImage3D.h">
      <Filter>Engine\Header\Render\Graphics\GUI</Filter>
    </ClInclude>
    <ClInclude Include="GeometryShader.h">
      <Filter>Engine\Header\Render\Graphics\Bindable</Filter>
    </ClInclude>
    <ClInclude Include="GameModeTP.h">
      <Filter>Game\Header\GameMode</Filter>
    </ClInclude>
    <ClInclude Include="PlayerTank.h">
      <Filter>Game\Header\Pawn</Filter>
    </ClInclude>
    <ClInclude Include="Ground.h">
      <Filter>Game\Header\Prefabs</Filter>
    </ClInclude>
    <ClInclude Include="UIHP.h">
      <Filter>Game\Header\UI</Filter>
    </ClInclude>
    <ClInclude Include="Shell.h">
      <Filter>Game\Header\Prefabs</Filter>
    </ClInclude>
    <ClInclude Include="AITank.h">
      <Filter>Game\Header\Prefabs</Filter>
    </ClInclude>
    <ClInclude Include="FreightContainer_A.h">
      <Filter>Game\Header\Prefabs</Filter>
    </ClInclude>
    <ClInclude Include="CollisionEvent.h">
      <Filter>Engine\Header\Physics</Filter>
    </ClInclude>
    <ClInclude Include="ParticleSystem.h">
      <Filter>Engine\Header\Render\Graphics\Drawable</Filter>
    </ClInclude>
    <ClInclude Include="SM_WaterTank.h">
      <Filter>Game\Header\Prefabs</Filter>
    </ClInclude>
    <ClInclude Include="SM_Crate.h">
      <Filter>Game\Header\Prefabs</Filter>
    </ClInclude>
    <ClInclude Include="SM_construction_fence.h">
      <Filter>Game\Header\Prefabs</Filter>
    </ClInclude>
    <ClInclude Include="UIText3D.h">
      <Filter>Engine\Header\Render\Graphics\GUI</Filter>
    </ClInclude>
    <ClInclude Include="imgui.h">
      <Filter>Engine\Header\Render\EUI</Filter>
    </ClInclude>
    <ClInclude Include="ImGuiFrame.h">
      <Filter>Engine\Header\Render\EUI</Filter>
    </ClInclude>
    <ClInclude Include="EnemyTank.h">
      <Filter>Game\Header\Pawn</Filter>
    </ClInclude>
    <ClInclude Include="EntityNames.h">
      <Filter>Game\Header\Pawn</Filter>
    </ClInclude>
    <ClInclude Include="BaseGameEntity.h">
      <Filter>Game\Header\Pawn</Filter>
    </ClInclude>
    <ClInclude Include="BossOwnedStates.h">
      <Filter>Engine\Header\Gameplay\AI</Filter>
    </ClInclude>
    <ClInclude Include="DamageDisplay.h">
      <Filter>Game\Header\UI</Filter>
    </ClInclude>
    <ClInclude Include="AirWall.h">
      <Filter>Game\Header\Prefabs</Filter>
    </ClInclude>
    <ClInclude Include="HUD.h">
      <Filter>Game\Header\UI</Filter>
    </ClInclude>
    <ClInclude Include="Level03.h">
      <Filter>Game\Header\Level\Level03</Filter>
    </ClInclude>
    <ClInclude Include="AnimationTitle.h">
      <Filter>Game\Header\UI</Filter>
    </ClInclude>
    <ClInclude Include="Blender.h">
      <Filter>Engine\Header\Render\Graphics\Bindable</Filter>
    </ClInclude>
    <ClInclude Include="EnemyBoss.h">
      <Filter>Game\Header\Pawn</Filter>
    </ClInclude>
    <ClInclude Include="DisplayManager.h">
      <Filter>Game\Header\UI</Filter>
    </ClInclude>
    <ClInclude Include="ShellContainer.h">
      <Filter>Game\Header\Prefabs</Filter>
    </ClInclude>
    <ClInclude Include="VFXSphere.h">
      <Filter>Engine\Header\Render\Graphics\VFX</Filter>
    </ClInclude>
    <ClInclude Include="Potion.h">
      <Filter>Game\Header\Item</Filter>
    </ClInclude>
    <ClInclude Include="resource.h">
      <Filter>Engine\Resource</Filter>
    </ClInclude>
    <ClInclude Include="PerlinNoise.h">
      <Filter>Engine\Header\Misc</Filter>
    </ClInclude>
    <ClInclude Include="CameraShake.h">
      <Filter>Game\Header\Camera</Filter>
    </ClInclude>
    <ClInclude Include="MagicBall.h">
      <Filter>Game\Header\Prefabs</Filter>
    </ClInclude>
    <ClInclude Include="FadeInOut.h">
      <Filter>Game\Header\UI</Filter>
    </ClInclude>
    <ClInclude Include="Track.h">
      <Filter>Engine\Header\Sequence</Filter>
    </ClInclude>
    <ClInclude Include="TrackTransform.h">
      <Filter>Engine\Header\Sequence</Filter>
    </ClInclude>
    <ClInclude Include="ModelMeshNormal.h">
      <Filter>Engine\Header\Render\Graphics\Mesh</Filter>
    </ClInclude>
    <ClInclude Include="Weightless.h">
      <Filter>Game\Header\Prefabs</Filter>
    </ClInclude>
    <ClInclude Include="ShellFlyComponent.h">
      <Filter>Engine\Header\Gameplay\Component</Filter>
    </ClInclude>
  </ItemGroup>
  <ItemGroup>
    <FxCompile Include="VertexShader.hlsl">
      <Filter>Engine\Shader</Filter>
    </FxCompile>
    <FxCompile Include="PixelShader.hlsl">
      <Filter>Engine\Shader</Filter>
    </FxCompile>
    <FxCompile Include="SolidPixelShader.hlsl">
      <Filter>Engine\Shader</Filter>
    </FxCompile>
    <FxCompile Include="SolidVertexShader.hlsl">
      <Filter>Engine\Shader</Filter>
    </FxCompile>
    <FxCompile Include="PixelShaderTex.hlsl">
      <Filter>Engine\Shader</Filter>
    </FxCompile>
    <FxCompile Include="VertexShaderTex.hlsl">
      <Filter>Engine\Shader</Filter>
    </FxCompile>
    <FxCompile Include="SkyBox_VS.hlsl">
      <Filter>Engine\Shader</Filter>
    </FxCompile>
    <FxCompile Include="SkyBox_PS.hlsl">
      <Filter>Engine\Shader</Filter>
    </FxCompile>
    <FxCompile Include="Light_PS.hlsl">
      <Filter>Engine\Shader</Filter>
    </FxCompile>
    <FxCompile Include="Light_VS.hlsl">
      <Filter>Engine\Shader</Filter>
    </FxCompile>
    <FxCompile Include="UIPixelShader.hlsl">
      <Filter>Engine\Shader</Filter>
    </FxCompile>
    <FxCompile Include="UIPSButton.hlsl">
      <Filter>Engine\Shader</Filter>
    </FxCompile>
    <FxCompile Include="UIVertexShader.hlsl">
      <Filter>Engine\Shader</Filter>
    </FxCompile>
    <FxCompile Include="UIVSHorizontalL.hlsl">
      <Filter>Engine\Shader</Filter>
    </FxCompile>
    <FxCompile Include="UIVSHorizontalR.hlsl">
      <Filter>Engine\Shader</Filter>
    </FxCompile>
    <FxCompile Include="UIVSVerticalB.hlsl">
      <Filter>Engine\Shader</Filter>
    </FxCompile>
    <FxCompile Include="UIVSVerticalT.hlsl">
      <Filter>Engine\Shader</Filter>
    </FxCompile>
    <FxCompile Include="UIPSText.hlsl">
      <Filter>Engine\Shader</Filter>
    </FxCompile>
    <FxCompile Include="UI3DGSHorizontalL.hlsl">
      <Filter>Engine\Shader</Filter>
    </FxCompile>
    <FxCompile Include="UI3DGSHorizontalR.hlsl">
      <Filter>Engine\Shader</Filter>
    </FxCompile>
    <FxCompile Include="UI3DGSVerticalB.hlsl">
      <Filter>Engine\Shader</Filter>
    </FxCompile>
    <FxCompile Include="UI3DGSVerticalT.hlsl">
      <Filter>Engine\Shader</Filter>
    </FxCompile>
    <FxCompile Include="Billboard_PS.hlsl">
      <Filter>Engine\Shader</Filter>
    </FxCompile>
    <FxCompile Include="Billboard_VS.hlsl">
      <Filter>Engine\Shader</Filter>
    </FxCompile>
    <FxCompile Include="Particle_GS.hlsl">
      <Filter>Engine\Shader</Filter>
    </FxCompile>
    <FxCompile Include="Particle_PS.hlsl">
      <Filter>Engine\Shader</Filter>
    </FxCompile>
    <FxCompile Include="Particle_VS.hlsl">
      <Filter>Engine\Shader</Filter>
    </FxCompile>
    <FxCompile Include="UIText3D_PS.hlsl">
      <Filter>Engine\Shader</Filter>
    </FxCompile>
    <FxCompile Include="UIText3D_VS.hlsl">
      <Filter>Engine\Shader</Filter>
    </FxCompile>
    <FxCompile Include="VFXSphere_PS.hlsl">
      <Filter>Engine\Shader</Filter>
    </FxCompile>
    <FxCompile Include="VFXSphere_VS.hlsl">
      <Filter>Engine\Shader</Filter>
    </FxCompile>
    <FxCompile Include="NormalMap_PS.hlsl">
      <Filter>Engine\Shader</Filter>
    </FxCompile>
    <FxCompile Include="NormalMap_VS.hlsl">
      <Filter>Engine\Shader</Filter>
    </FxCompile>
  </ItemGroup>
  <ItemGroup>
    <None Include="LightHelper.hlsli">
      <Filter>Engine\Shader</Filter>
    </None>
    <None Include="Basic.hlsli">
      <Filter>Engine\Shader</Filter>
    </None>
  </ItemGroup>
</Project>