<?xml version="1.0" encoding="utf-8"?>
<Project ToolsVersion="4.0" xmlns="http://schemas.microsoft.com/developer/msbuild/2003">
  <ItemGroup>
    <Filter Include="Header">
      <UniqueIdentifier>{93995380-89BD-4b04-88EB-625FBE52EBFB}</UniqueIdentifier>
      <Extensions>h;hh;hpp;hxx;hm;inl;inc;ipp;xsd</Extensions>
    </Filter>
    <Filter Include="Header\Engine">
      <UniqueIdentifier>{43b3e923-832f-4906-a168-2d14553a6119}</UniqueIdentifier>
    </Filter>
    <Filter Include="Header\Misc">
      <UniqueIdentifier>{11f7473c-aae0-4cb5-a4a0-f7bd14fb6d58}</UniqueIdentifier>
    </Filter>
    <Filter Include="Source">
      <UniqueIdentifier>{4FC737F1-C7A5-4376-A066-2A32D752A2FF}</UniqueIdentifier>
      <Extensions>cpp;c;cc;cxx;def;odl;idl;hpj;bat;asm;asmx</Extensions>
    </Filter>
    <Filter Include="Shader">
      <UniqueIdentifier>{339cfea7-1e22-48ca-b2d9-b818d60a2e9b}</UniqueIdentifier>
    </Filter>
    <Filter Include="Resource">
      <UniqueIdentifier>{67DA6AB6-F800-4c08-8B7A-83BB121AAD01}</UniqueIdentifier>
      <Extensions>rc;ico;cur;bmp;dlg;rc2;rct;bin;rgs;gif;jpg;jpeg;jpe;resx;tiff;tif;png;wav;mfcribbon-ms</Extensions>
    </Filter>
    <Filter Include="Header\Input">
      <UniqueIdentifier>{46c35b40-2f1e-48fe-baec-04557304b3fa}</UniqueIdentifier>
    </Filter>
    <Filter Include="Source\Input">
      <UniqueIdentifier>{d1574599-f422-4d2f-817d-4a3433534748}</UniqueIdentifier>
    </Filter>
    <Filter Include="Header\Render">
      <UniqueIdentifier>{20111e94-53d3-4e50-a373-7775ff432702}</UniqueIdentifier>
    </Filter>
    <Filter Include="Header\Render\Graphics">
      <UniqueIdentifier>{55203266-7111-42cd-88da-75f16cac1994}</UniqueIdentifier>
    </Filter>
    <Filter Include="Header\Render\Graphics\Drawable">
      <UniqueIdentifier>{cb996d3e-390c-4d2f-ba5e-bd3756a7fa63}</UniqueIdentifier>
    </Filter>
    <Filter Include="Header\Render\Graphics\Bindable">
      <UniqueIdentifier>{2c88d4e2-b800-44ca-99f0-a56435f77a62}</UniqueIdentifier>
    </Filter>
    <Filter Include="Source\Render">
      <UniqueIdentifier>{611c8bb5-1b52-4080-b645-b9a374105cdd}</UniqueIdentifier>
    </Filter>
    <Filter Include="Source\Render\Graphics">
      <UniqueIdentifier>{b1c1dcd8-6d3a-4ab7-b31b-ca90f2889309}</UniqueIdentifier>
    </Filter>
    <Filter Include="Source\Render\Graphics\Drawable">
      <UniqueIdentifier>{6012a535-b17a-4d1c-bff8-072c4c20916e}</UniqueIdentifier>
    </Filter>
    <Filter Include="Source\Render\Graphics\Bindable">
      <UniqueIdentifier>{2aef7cf9-2180-49a5-9982-1cfee6963a7b}</UniqueIdentifier>
    </Filter>
    <Filter Include="Source\Physics">
      <UniqueIdentifier>{3c772027-ba43-4122-89ef-605b61a58e5e}</UniqueIdentifier>
    </Filter>
    <Filter Include="Header\Physics">
      <UniqueIdentifier>{8a6cb8a6-792a-4243-a9ce-eddfb6d69bb3}</UniqueIdentifier>
    </Filter>
    <Filter Include="Header\GUI">
      <UniqueIdentifier>{de54c582-a592-4ebd-a382-6a0e8ea94a2d}</UniqueIdentifier>
    </Filter>
    <Filter Include="Source\GUI">
      <UniqueIdentifier>{9a9f5374-4b25-4670-9c33-f05f9a222e3e}</UniqueIdentifier>
    </Filter>
    <Filter Include="Source\EUI">
      <UniqueIdentifier>{74fa69c3-09b4-402b-a9bc-ec87f35663d7}</UniqueIdentifier>
    </Filter>
    <Filter Include="Header\EUI">
      <UniqueIdentifier>{54ede792-44f9-4d40-a5fb-1b4d11f54105}</UniqueIdentifier>
    </Filter>
  </ItemGroup>
  <ItemGroup>
    <ClCompile Include="main.cpp">
      <Filter>Source</Filter>
    </ClCompile>
    <ClCompile Include="Bindable.cpp">
      <Filter>Source\Render\Graphics\Bindable</Filter>
    </ClCompile>
    <ClCompile Include="Box.cpp">
      <Filter>Source\Render\Graphics\Drawable</Filter>
    </ClCompile>
    <ClCompile Include="Drawable.cpp">
      <Filter>Source\Render\Graphics\Drawable</Filter>
    </ClCompile>
    <ClCompile Include="Graphics.cpp">
      <Filter>Source\Render\Graphics</Filter>
    </ClCompile>
    <ClCompile Include="IndexBuffer.cpp">
      <Filter>Source\Render\Graphics\Bindable</Filter>
    </ClCompile>
    <ClCompile Include="InputLayout.cpp">
      <Filter>Source\Render\Graphics\Bindable</Filter>
    </ClCompile>
    <ClCompile Include="PixelShader.cpp">
      <Filter>Source\Render\Graphics\Bindable</Filter>
    </ClCompile>
    <ClCompile Include="Topology.cpp">
      <Filter>Source\Render\Graphics\Bindable</Filter>
    </ClCompile>
    <ClCompile Include="TransformCbuf.cpp">
      <Filter>Source\Render\Graphics\Bindable</Filter>
    </ClCompile>
    <ClCompile Include="VertexBuffer.cpp">
      <Filter>Source\Render\Graphics\Bindable</Filter>
    </ClCompile>
    <ClCompile Include="VertexShader.cpp">
      <Filter>Source\Render\Graphics\Bindable</Filter>
    </ClCompile>
    <ClCompile Include="Timer.cpp">
      <Filter>Source</Filter>
    </ClCompile>
    <ClCompile Include="Window.cpp">
      <Filter>Source</Filter>
    </ClCompile>
    <ClCompile Include="Engine.cpp">
      <Filter>Source</Filter>
    </ClCompile>
    <ClCompile Include="GeometryGenerator.cpp">
      <Filter>Source\Render</Filter>
    </ClCompile>
  </ItemGroup>
  <ItemGroup>
    <ClInclude Include="Timer.h">
      <Filter>Header</Filter>
    </ClInclude>
    <ClInclude Include="Bindable.h">
      <Filter>Header\Render\Graphics\Bindable</Filter>
    </ClInclude>
    <ClInclude Include="BindableBase.h">
      <Filter>Header\Render\Graphics\Bindable</Filter>
    </ClInclude>
    <ClInclude Include="Drawable.h">
      <Filter>Header\Render\Graphics\Drawable</Filter>
    </ClInclude>
    <ClInclude Include="Topology.h">
      <Filter>Header\Render\Graphics\Bindable</Filter>
    </ClInclude>
    <ClInclude Include="ConstantBuffers.h">
      <Filter>Header\Render\Graphics\Bindable</Filter>
    </ClInclude>
    <ClInclude Include="TransformCbuf.h">
      <Filter>Header\Render\Graphics\Bindable</Filter>
    </ClInclude>
    <ClInclude Include="VertexBuffer.h">
      <Filter>Header\Render\Graphics\Bindable</Filter>
    </ClInclude>
    <ClInclude Include="VertexShader.h">
      <Filter>Header\Render\Graphics\Bindable</Filter>
    </ClInclude>
    <ClInclude Include="PixelShader.h">
      <Filter>Header\Render\Graphics\Bindable</Filter>
    </ClInclude>
    <ClInclude Include="InputLayout.h">
      <Filter>Header\Render\Graphics\Bindable</Filter>
    </ClInclude>
    <ClInclude Include="IndexBuffer.h">
      <Filter>Header\Render\Graphics\Bindable</Filter>
    </ClInclude>
    <ClInclude Include="Box.h">
      <Filter>Header\Render\Graphics\Drawable</Filter>
    </ClInclude>
    <ClInclude Include="Graphics.h">
      <Filter>Header\Render\Graphics</Filter>
    </ClInclude>
    <ClInclude Include="Window.h">
      <Filter>Header</Filter>
    </ClInclude>
    <ClInclude Include="Configuration.h">
      <Filter>Header\Misc</Filter>
    </ClInclude>
    <ClInclude Include="Engine.h">
      <Filter>Header</Filter>
    </ClInclude>
    <ClInclude Include="GeometryGenerator.h">
      <Filter>Header\Render</Filter>
    </ClInclude>
    <ClInclude Include="EnginePlat.h">
      <Filter>Header\Misc</Filter>
    </ClInclude>
  </ItemGroup>
  <ItemGroup>
    <FxCompile Include="VertexShader.hlsl">
      <Filter>Shader</Filter>
    </FxCompile>
    <FxCompile Include="PixelShader.hlsl">
      <Filter>Shader</Filter>
    </FxCompile>
    <FxCompile Include="SolidPixelShader.hlsl">
      <Filter>Shader</Filter>
    </FxCompile>
    <FxCompile Include="SolidVertexShader.hlsl">
      <Filter>Shader</Filter>
    </FxCompile>
  </ItemGroup>
</Project>